
Microsoft Visual Studio Solution File, Format Version 12.00
# Visual Studio 14
VisualStudioVersion = 14.0.25420.1
MinimumVisualStudioVersion = 10.0.40219.1
Project("{8BB2217D-0F2D-49D1-97BC-3654ED321F3B}") = "ReportsCompare.Web", "ReportsCompare.Web\ReportsCompare.Web.xproj", "{0437DEF2-4FF5-4BFA-B072-A579964B8B0C}"
EndProject
Global
	GlobalSection(SolutionConfigurationPlatforms) = preSolution
		Debug|Any CPU = Debug|Any CPU
		Release|Any CPU = Release|Any CPU
	EndGlobalSection
	GlobalSection(ProjectConfigurationPlatforms) = postSolution
		{CB51675D-9B1D-452D-9235-84846859D6C9}.Debug|Any CPU.ActiveCfg = Debug|Any CPU
		{CB51675D-9B1D-452D-9235-84846859D6C9}.Debug|Any CPU.Build.0 = Debug|Any CPU
		{CB51675D-9B1D-452D-9235-84846859D6C9}.Release|Any CPU.ActiveCfg = Release|Any CPU
		{CB51675D-9B1D-452D-9235-84846859D6C9}.Release|Any CPU.Build.0 = Release|Any CPU
		{0437DEF2-4FF5-4BFA-B072-A579964B8B0C}.Debug|Any CPU.ActiveCfg = Debug|Any CPU
		{0437DEF2-4FF5-4BFA-B072-A579964B8B0C}.Debug|Any CPU.Build.0 = Debug|Any CPU
		{0437DEF2-4FF5-4BFA-B072-A579964B8B0C}.Release|Any CPU.ActiveCfg = Release|Any CPU
		{0437DEF2-4FF5-4BFA-B072-A579964B8B0C}.Release|Any CPU.Build.0 = Release|Any CPU
	EndGlobalSection
	GlobalSection(SolutionProperties) = preSolution
		HideSolutionNode = FALSE
	EndGlobalSection
EndGlobal
